# THIS IS AN AUTOGENERATED FILE. DO NOT EDIT THIS FILE DIRECTLY.
# yarn lockfile v1


get-nepali-date@^1.0.3:
  version "1.0.3"
  resolved "https://registry.yarnpkg.com/get-nepali-date/-/get-nepali-date-1.0.3.tgz#bfa4ac40c539f0d91893255fda14ce948e342903"
  integrity sha512-Yh5LCUx37OWGqgHSCI0xScEeKOtcmCCrkxyMR/iKkS7fGuk/DwH+vobYCIBbSPF8oai0V2UCPc2ZJBm94IH7ww==

link@^1.5.1:
  version "1.5.1"
  resolved "https://registry.yarnpkg.com/link/-/link-1.5.1.tgz#2fd37e759820ee077267c8473e4e31cde30a3c6d"
  integrity sha512-80GBz0JfARAPedegdwtMHJ4tiPCQNqi9UZ0womJ5YU6Zw/Jc8JRji5cnhqkxGTTFAPLs1HftUDf81qUQg0aY0Q==
